// !$*UTF8*$!
{
	archiveVersion = 1;
	classes = {
	};
	objectVersion = 56;
	objects = {

/* Begin PBXBuildFile section */
		1221A65029E2D8F800CB9894 /* AppDelegate.swift in Sources */ = {isa = PBXBuildFile; fileRef = 1221A64F29E2D8F800CB9894 /* AppDelegate.swift */; };
		1221A65229E2D8F800CB9894 /* SceneDelegate.swift in Sources */ = {isa = PBXBuildFile; fileRef = 1221A65129E2D8F800CB9894 /* SceneDelegate.swift */; };
		1221A65429E2D8F800CB9894 /* ViewController.swift in Sources */ = {isa = PBXBuildFile; fileRef = 1221A65329E2D8F800CB9894 /* ViewController.swift */; };
		1221A65729E2D8F800CB9894 /* Main.storyboard in Resources */ = {isa = PBXBuildFile; fileRef = 1221A65529E2D8F800CB9894 /* Main.storyboard */; };
		1221A65929E2D8FA00CB9894 /* Assets.xcassets in Resources */ = {isa = PBXBuildFile; fileRef = 1221A65829E2D8FA00CB9894 /* Assets.xcassets */; };
		1221A65C29E2D8FA00CB9894 /* LaunchScreen.storyboard in Resources */ = {isa = PBXBuildFile; fileRef = 1221A65A29E2D8FA00CB9894 /* LaunchScreen.storyboard */; };
		12DC5CDD29E369D700DC7AEA /* Assets.swift in Sources */ = {isa = PBXBuildFile; fileRef = 12DC5CDC29E369D700DC7AEA /* Assets.swift */; };
		3F356CC448648D696F5C8823 /* Pods_CocoapodsTest.framework in Frameworks */ = {isa = PBXBuildFile; fileRef = C676A713416E264E34867DDD /* Pods_CocoapodsTest.framework */; };
/* End PBXBuildFile section */

/* Begin PBXFileReference section */
		1221A64C29E2D8F800CB9894 /* CocoapodsTest.app */ = {isa = PBXFileReference; explicitFileType = wrapper.application; includeInIndex = 0; path = CocoapodsTest.app; sourceTree = BUILT_PRODUCTS_DIR; };
		1221A64F29E2D8F800CB9894 /* AppDelegate.swift */ = {isa = PBXFileReference; lastKnownFileType = sourcecode.swift; path = AppDelegate.swift; sourceTree = "<group>"; };
		1221A65129E2D8F800CB9894 /* SceneDelegate.swift */ = {isa = PBXFileReference; lastKnownFileType = sourcecode.swift; path = SceneDelegate.swift; sourceTree = "<group>"; };
		1221A65329E2D8F800CB9894 /* ViewController.swift */ = {isa = PBXFileReference; lastKnownFileType = sourcecode.swift; path = ViewController.swift; sourceTree = "<group>"; };
		1221A65629E2D8F800CB9894 /* Base */ = {isa = PBXFileReference; lastKnownFileType = file.storyboard; name = Base; path = Base.lproj/Main.storyboard; sourceTree = "<group>"; };
		1221A65829E2D8FA00CB9894 /* Assets.xcassets */ = {isa = PBXFileReference; lastKnownFileType = folder.assetcatalog; path = Assets.xcassets; sourceTree = "<group>"; };
		1221A65B29E2D8FA00CB9894 /* Base */ = {isa = PBXFileReference; lastKnownFileType = file.storyboard; name = Base; path = Base.lproj/LaunchScreen.storyboard; sourceTree = "<group>"; };
		1221A65D29E2D8FA00CB9894 /* Info.plist */ = {isa = PBXFileReference; lastKnownFileType = text.plist.xml; path = Info.plist; sourceTree = "<group>"; };
		12DC5CDC29E369D700DC7AEA /* Assets.swift */ = {isa = PBXFileReference; fileEncoding = 4; lastKnownFileType = sourcecode.swift; path = Assets.swift; sourceTree = SOURCE_ROOT; };
		49808CA7C148A7DE8E40E9BC /* Pods-CocoapodsTest.debug.xcconfig */ = {isa = PBXFileReference; includeInIndex = 1; lastKnownFileType = text.xcconfig; name = "Pods-CocoapodsTest.debug.xcconfig"; path = "Target Support Files/Pods-CocoapodsTest/Pods-CocoapodsTest.debug.xcconfig"; sourceTree = "<group>"; };
		BF6781CCCB19134593CA5745 /* Pods-CocoapodsTest.release.xcconfig */ = {isa = PBXFileReference; includeInIndex = 1; lastKnownFileType = text.xcconfig; name = "Pods-CocoapodsTest.release.xcconfig"; path = "Target Support Files/Pods-CocoapodsTest/Pods-CocoapodsTest.release.xcconfig"; sourceTree = "<group>"; };
		C676A713416E264E34867DDD /* Pods_CocoapodsTest.framework */ = {isa = PBXFileReference; explicitFileType = wrapper.framework; includeInIndex = 0; path = Pods_CocoapodsTest.framework; sourceTree = BUILT_PRODUCTS_DIR; };
/* End PBXFileReference section */

/* Begin PBXFrameworksBuildPhase section */
		1221A64929E2D8F800CB9894 /* Frameworks */ = {
			isa = PBXFrameworksBuildPhase;
			buildActionMask = 2147483647;
			files = (
				3F356CC448648D696F5C8823 /* Pods_CocoapodsTest.framework in Frameworks */,
			);
			runOnlyForDeploymentPostprocessing = 0;
		};
/* End PBXFrameworksBuildPhase section */

/* Begin PBXGroup section */
		1221A64329E2D8F800CB9894 = {
			isa = PBXGroup;
			children = (
				1221A64E29E2D8F800CB9894 /* CocoapodsTest */,
				1221A64D29E2D8F800CB9894 /* Products */,
				CBB58D90F7706B036519F19A /* Pods */,
				838343AA0C864CBA6A8BD1B5 /* Frameworks */,
			);
			sourceTree = "<group>";
		};
		1221A64D29E2D8F800CB9894 /* Products */ = {
			isa = PBXGroup;
			children = (
				1221A64C29E2D8F800CB9894 /* CocoapodsTest.app */,
			);
			name = Products;
			sourceTree = "<group>";
		};
		1221A64E29E2D8F800CB9894 /* CocoapodsTest */ = {
			isa = PBXGroup;
			children = (
				12DC5CDC29E369D700DC7AEA /* Assets.swift */,
				1221A65829E2D8FA00CB9894 /* Assets.xcassets */,
				1221A64F29E2D8F800CB9894 /* AppDelegate.swift */,
				1221A65129E2D8F800CB9894 /* SceneDelegate.swift */,
				1221A65329E2D8F800CB9894 /* ViewController.swift */,
				1221A65529E2D8F800CB9894 /* Main.storyboard */,
				1221A65A29E2D8FA00CB9894 /* LaunchScreen.storyboard */,
				1221A65D29E2D8FA00CB9894 /* Info.plist */,
			);
			path = CocoapodsTest;
			sourceTree = "<group>";
		};
		838343AA0C864CBA6A8BD1B5 /* Frameworks */ = {
			isa = PBXGroup;
			children = (
				C676A713416E264E34867DDD /* Pods_CocoapodsTest.framework */,
			);
			name = Frameworks;
			sourceTree = "<group>";
		};
		CBB58D90F7706B036519F19A /* Pods */ = {
			isa = PBXGroup;
			children = (
				49808CA7C148A7DE8E40E9BC /* Pods-CocoapodsTest.debug.xcconfig */,
				BF6781CCCB19134593CA5745 /* Pods-CocoapodsTest.release.xcconfig */,
			);
			path = Pods;
			sourceTree = "<group>";
		};
/* End PBXGroup section */

/* Begin PBXNativeTarget section */
		1221A64B29E2D8F800CB9894 /* CocoapodsTest */ = {
			isa = PBXNativeTarget;
			buildConfigurationList = 1221A66029E2D8FA00CB9894 /* Build configuration list for PBXNativeTarget "CocoapodsTest" */;
			buildPhases = (
				31C773F29C8D13F68C2F2C9E /* [CP] Check Pods Manifest.lock */,
				1221A64829E2D8F800CB9894 /* Sources */,
				1221A64929E2D8F800CB9894 /* Frameworks */,
				1221A64A29E2D8F800CB9894 /* Resources */,
				143E2BFB8572CDAF49A38827 /* [CP] Embed Pods Frameworks */,
				12C7431929E30B3200A4B486 /* SwiftGen */,
				12C7431D29E3583F00A4B486 /* SwiftLint */,
			);
			buildRules = (
			);
			dependencies = (
			);
			name = CocoapodsTest;
			productName = CocoapodsTest;
			productReference = 1221A64C29E2D8F800CB9894 /* CocoapodsTest.app */;
			productType = "com.apple.product-type.application";
		};
/* End PBXNativeTarget section */

/* Begin PBXProject section */
		1221A64429E2D8F800CB9894 /* Project object */ = {
			isa = PBXProject;
			attributes = {
				BuildIndependentTargetsInParallel = 1;
				LastSwiftUpdateCheck = 1430;
				LastUpgradeCheck = 1430;
				TargetAttributes = {
					1221A64B29E2D8F800CB9894 = {
						CreatedOnToolsVersion = 14.3;
					};
				};
			};
			buildConfigurationList = 1221A64729E2D8F800CB9894 /* Build configuration list for PBXProject "CocoapodsTest" */;
			compatibilityVersion = "Xcode 14.0";
			developmentRegion = en;
			hasScannedForEncodings = 0;
			knownRegions = (
				en,
				Base,
			);
			mainGroup = 1221A64329E2D8F800CB9894;
			productRefGroup = 1221A64D29E2D8F800CB9894 /* Products */;
			projectDirPath = "";
			projectRoot = "";
			targets = (
				1221A64B29E2D8F800CB9894 /* CocoapodsTest */,
			);
		};
/* End PBXProject section */

/* Begin PBXResourcesBuildPhase section */
		1221A64A29E2D8F800CB9894 /* Resources */ = {
			isa = PBXResourcesBuildPhase;
			buildActionMask = 2147483647;
			files = (
				1221A65C29E2D8FA00CB9894 /* LaunchScreen.storyboard in Resources */,
				1221A65929E2D8FA00CB9894 /* Assets.xcassets in Resources */,
				1221A65729E2D8F800CB9894 /* Main.storyboard in Resources */,
			);
			runOnlyForDeploymentPostprocessing = 0;
		};
/* End PBXResourcesBuildPhase section */

/* Begin PBXShellScriptBuildPhase section */
		12C7431929E30B3200A4B486 /* SwiftGen */ = {
			isa = PBXShellScriptBuildPhase;
			buildActionMask = 2147483647;
			files = (
			);
			inputFileListPaths = (
			);
			inputPaths = (
			);
			name = SwiftGen;
			outputFileListPaths = (
			);
			outputPaths = (
			);
			runOnlyForDeploymentPostprocessing = 0;
			shellPath = /bin/sh;
			shellScript = "\"${PODS_ROOT}/SwiftGen/bin/swiftgen\"\n";
		};
		12C7431D29E3583F00A4B486 /* SwiftLint */ = {
			isa = PBXShellScriptBuildPhase;
			buildActionMask = 2147483647;
			files = (
			);
			inputFileListPaths = (
			);
			inputPaths = (
			);
			name = SwiftLint;
			outputFileListPaths = (
			);
			outputPaths = (
			);
			runOnlyForDeploymentPostprocessing = 0;
			shellPath = /bin/sh;
			shellScript = "\"${PODS_ROOT}/SwiftLint/swiftlint\"\n";
		};
		143E2BFB8572CDAF49A38827 /* [CP] Embed Pods Frameworks */ = {
			isa = PBXShellScriptBuildPhase;
			buildActionMask = 2147483647;
			files = (
			);
			inputFileListPaths = (
				"${PODS_ROOT}/Target Support Files/Pods-CocoapodsTest/Pods-CocoapodsTest-frameworks-${CONFIGURATION}-input-files.xcfilelist",
			);
			name = "[CP] Embed Pods Frameworks";
			outputFileListPaths = (
				"${PODS_ROOT}/Target Support Files/Pods-CocoapodsTest/Pods-CocoapodsTest-frameworks-${CONFIGURATION}-output-files.xcfilelist",
			);
			runOnlyForDeploymentPostprocessing = 0;
			shellPath = /bin/sh;
			shellScript = "\"${PODS_ROOT}/Target Support Files/Pods-CocoapodsTest/Pods-CocoapodsTest-frameworks.sh\"\n";
			showEnvVarsInLog = 0;
		};
		31C773F29C8D13F68C2F2C9E /* [CP] Check Pods Manifest.lock */ = {
			isa = PBXShellScriptBuildPhase;
			buildActionMask = 2147483647;
			files = (
			);
			inputFileListPaths = (
			);
			inputPaths = (
				"${PODS_PODFILE_DIR_PATH}/Podfile.lock",
				"${PODS_ROOT}/Manifest.lock",
			);
			name = "[CP] Check Pods Manifest.lock";
			outputFileListPaths = (
			);
			outputPaths = (
				"$(DERIVED_FILE_DIR)/Pods-CocoapodsTest-checkManifestLockResult.txt",
			);
			runOnlyForDeploymentPostprocessing = 0;
			shellPath = /bin/sh;
			shellScript = "diff \"${PODS_PODFILE_DIR_PATH}/Podfile.lock\" \"${PODS_ROOT}/Manifest.lock\" > /dev/null\nif [ $? != 0 ] ; then\n    # print error to STDERR\n    echo \"error: The sandbox is not in sync with the Podfile.lock. Run 'pod install' or update your CocoaPods installation.\" >&2\n    exit 1\nfi\n# This output is used by Xcode 'outputs' to avoid re-running this script phase.\necho \"SUCCESS\" > \"${SCRIPT_OUTPUT_FILE_0}\"\n";
			showEnvVarsInLog = 0;
		};
/* End PBXShellScriptBuildPhase section */

/* Begin PBXSourcesBuildPhase section */
		1221A64829E2D8F800CB9894 /* Sources */ = {
			isa = PBXSourcesBuildPhase;
			buildActionMask = 2147483647;
			files = (
				1221A65429E2D8F800CB9894 /* ViewController.swift in Sources */,
				1221A65029E2D8F800CB9894 /* AppDelegate.swift in Sources */,
				12DC5CDD29E369D700DC7AEA /* Assets.swift in Sources */,
				1221A65229E2D8F800CB9894 /* SceneDelegate.swift in Sources */,
			);
			runOnlyForDeploymentPostprocessing = 0;
		};
/* End PBXSourcesBuildPhase section */

/* Begin PBXVariantGroup section */
		1221A65529E2D8F800CB9894 /* Main.storyboard */ = {
			isa = PBXVariantGroup;
			children = (
				1221A65629E2D8F800CB9894 /* Base */,
			);
			name = Main.storyboard;
			sourceTree = "<group>";
		};
		1221A65A29E2D8FA00CB9894 /* LaunchScreen.storyboard */ = {
			isa = PBXVariantGroup;
			children = (
				1221A65B29E2D8FA00CB9894 /* Base */,
			);
			name = LaunchScreen.storyboard;
			sourceTree = "<group>";
		};
/* End PBXVariantGroup section */

/* Begin XCBuildConfiguration section */
		1221A65E29E2D8FA00CB9894 /* Debug */ = {
			isa = XCBuildConfiguration;
			buildSettings = {
				ALWAYS_SEARCH_USER_PATHS = NO;
				CLANG_ANALYZER_NONNULL = YES;
				CLANG_ANALYZER_NUMBER_OBJECT_CONVERSION = YES_AGGRESSIVE;
				CLANG_CXX_LANGUAGE_STANDARD = "gnu++20";
				CLANG_ENABLE_MODULES = YES;
				CLANG_ENABLE_OBJC_ARC = YES;
				CLANG_ENABLE_OBJC_WEAK = YES;
				CLANG_WARN_BLOCK_CAPTURE_AUTORELEASING = YES;
				CLANG_WARN_BOOL_CONVERSION = YES;
				CLANG_WARN_COMMA = YES;
				CLANG_WARN_CONSTANT_CONVERSION = YES;
				CLANG_WARN_DEPRECATED_OBJC_IMPLEMENTATIONS = YES;
				CLANG_WARN_DIRECT_OBJC_ISA_USAGE = YES_ERROR;
				CLANG_WARN_DOCUMENTATION_COMMENTS = YES;
				CLANG_WARN_EMPTY_BODY = YES;
				CLANG_WARN_ENUM_CONVERSION = YES;
				CLANG_WARN_INFINITE_RECURSION = YES;
				CLANG_WARN_INT_CONVERSION = YES;
				CLANG_WARN_NON_LITERAL_NULL_CONVERSION = YES;
				CLANG_WARN_OBJC_IMPLICIT_RETAIN_SELF = YES;
				CLANG_WARN_OBJC_LITERAL_CONVERSION = YES;
				CLANG_WARN_OBJC_ROOT_CLASS = YES_ERROR;
				CLANG_WARN_QUOTED_INCLUDE_IN_FRAMEWORK_HEADER = YES;
				CLANG_WARN_RANGE_LOOP_ANALYSIS = YES;
				CLANG_WARN_STRICT_PROTOTYPES = YES;
				CLANG_WARN_SUSPICIOUS_MOVE = YES;
				CLANG_WARN_UNGUARDED_AVAILABILITY = YES_AGGRESSIVE;
				CLANG_WARN_UNREACHABLE_CODE = YES;
				CLANG_WARN__DUPLICATE_METHOD_MATCH = YES;
				COPY_PHASE_STRIP = NO;
				DEBUG_INFORMATION_FORMAT = dwarf;
				ENABLE_STRICT_OBJC_MSGSEND = YES;
				ENABLE_TESTABILITY = YES;
				GCC_C_LANGUAGE_STANDARD = gnu11;
				GCC_DYNAMIC_NO_PIC = NO;
				GCC_NO_COMMON_BLOCKS = YES;
				GCC_OPTIMIZATION_LEVEL = 0;
				GCC_PREPROCESSOR_DEFINITIONS = (
					"DEBUG=1",
					"$(inherited)",
				);
				GCC_WARN_64_TO_32_BIT_CONVERSION = YES;
				GCC_WARN_ABOUT_RETURN_TYPE = YES_ERROR;
				GCC_WARN_UNDECLARED_SELECTOR = YES;
				GCC_WARN_UNINITIALIZED_AUTOS = YES_AGGRESSIVE;
				GCC_WARN_UNUSED_FUNCTION = YES;
				GCC_WARN_UNUSED_VARIABLE = YES;
				IPHONEOS_DEPLOYMENT_TARGET = 16.4;
				MTL_ENABLE_DEBUG_INFO = INCLUDE_SOURCE;
				MTL_FAST_MATH = YES;
				ONLY_ACTIVE_ARCH = YES;
				SDKROOT = iphoneos;
				SWIFT_ACTIVE_COMPILATION_CONDITIONS = DEBUG;
				SWIFT_OPTIMIZATION_LEVEL = "-Onone";
			};
			name = Debug;
		};
		1221A65F29E2D8FA00CB9894 /* Release */ = {
			isa = XCBuildConfiguration;
			buildSettings = {
				ALWAYS_SEARCH_USER_PATHS = NO;
				CLANG_ANALYZER_NONNULL = YES;
				CLANG_ANALYZER_NUMBER_OBJECT_CONVERSION = YES_AGGRESSIVE;
				CLANG_CXX_LANGUAGE_STANDARD = "gnu++20";
				CLANG_ENABLE_MODULES = YES;
				CLANG_ENABLE_OBJC_ARC = YES;
				CLANG_ENABLE_OBJC_WEAK = YES;
				CLANG_WARN_BLOCK_CAPTURE_AUTORELEASING = YES;
				CLANG_WARN_BOOL_CONVERSION = YES;
				CLANG_WARN_COMMA = YES;
				CLANG_WARN_CONSTANT_CONVERSION = YES;
				CLANG_WARN_DEPRECATED_OBJC_IMPLEMENTATIONS = YES;
				CLANG_WARN_DIRECT_OBJC_ISA_USAGE = YES_ERROR;
				CLANG_WARN_DOCUMENTATION_COMMENTS = YES;
				CLANG_WARN_EMPTY_BODY = YES;
				CLANG_WARN_ENUM_CONVERSION = YES;
				CLANG_WARN_INFINITE_RECURSION = YES;
				CLANG_WARN_INT_CONVERSION = YES;
				CLANG_WARN_NON_LITERAL_NULL_CONVERSION = YES;
				CLANG_WARN_OBJC_IMPLICIT_RETAIN_SELF = YES;
				CLANG_WARN_OBJC_LITERAL_CONVERSION = YES;
				CLANG_WARN_OBJC_ROOT_CLASS = YES_ERROR;
				CLANG_WARN_QUOTED_INCLUDE_IN_FRAMEWORK_HEADER = YES;
				CLANG_WARN_RANGE_LOOP_ANALYSIS = YES;
				CLANG_WARN_STRICT_PROTOTYPES = YES;
				CLANG_WARN_SUSPICIOUS_MOVE = YES;
				CLANG_WARN_UNGUARDED_AVAILABILITY = YES_AGGRESSIVE;
				CLANG_WARN_UNREACHABLE_CODE = YES;
				CLANG_WARN__DUPLICATE_METHOD_MATCH = YES;
				COPY_PHASE_STRIP = NO;
				DEBUG_INFORMATION_FORMAT = "dwarf-with-dsym";
				ENABLE_NS_ASSERTIONS = NO;
				ENABLE_STRICT_OBJC_MSGSEND = YES;
				GCC_C_LANGUAGE_STANDARD = gnu11;
				GCC_NO_COMMON_BLOCKS = YES;
				GCC_WARN_64_TO_32_BIT_CONVERSION = YES;
				GCC_WARN_ABOUT_RETURN_TYPE = YES_ERROR;
				GCC_WARN_UNDECLARED_SELECTOR = YES;
				GCC_WARN_UNINITIALIZED_AUTOS = YES_AGGRESSIVE;
				GCC_WARN_UNUSED_FUNCTION = YES;
				GCC_WARN_UNUSED_VARIABLE = YES;
				IPHONEOS_DEPLOYMENT_TARGET = 16.4;
				MTL_ENABLE_DEBUG_INFO = NO;
				MTL_FAST_MATH = YES;
				SDKROOT = iphoneos;
				SWIFT_COMPILATION_MODE = wholemodule;
				SWIFT_OPTIMIZATION_LEVEL = "-O";
				VALIDATE_PRODUCT = YES;
			};
			name = Release;
		};
		1221A66129E2D8FA00CB9894 /* Debug */ = {
			isa = XCBuildConfiguration;
			baseConfigurationReference = 49808CA7C148A7DE8E40E9BC /* Pods-CocoapodsTest.debug.xcconfig */;
			buildSettings = {
				ASSETCATALOG_COMPILER_APPICON_NAME = AppIcon;
				ASSETCATALOG_COMPILER_GLOBAL_ACCENT_COLOR_NAME = AccentColor;
				CODE_SIGN_STYLE = Automatic;
				CURRENT_PROJECT_VERSION = 1;
				GENERATE_INFOPLIST_FILE = YES;
				INFOPLIST_FILE = CocoapodsTest/Info.plist;
				INFOPLIST_KEY_UIApplicationSupportsIndirectInputEvents = YES;
				INFOPLIST_KEY_UILaunchStoryboardName = LaunchScreen;
				INFOPLIST_KEY_UIMainStoryboardFile = Main;
				INFOPLIST_KEY_UISupportedInterfaceOrientations = UIInterfaceOrientationPortrait;
				INFOPLIST_KEY_UISupportedInterfaceOrientations_iPad = "UIInterfaceOrientationLandscapeLeft UIInterfaceOrientationLandscapeRight UIInterfaceOrientationPortrait UIInterfaceOrientationPortraitUpsideDown";
				LD_RUNPATH_SEARCH_PATHS = (
					"$(inherited)",
					"@executable_path/Frameworks",
				);
				MARKETING_VERSION = 1.0;
				PRODUCT_BUNDLE_IDENTIFIER = com.muffafa.CocoapodsTest;
				PRODUCT_NAME = "$(TARGET_NAME)";
				SUPPORTED_PLATFORMS = "iphoneos iphonesimulator";
				SUPPORTS_MACCATALYST = NO;
				SUPPORTS_MAC_DESIGNED_FOR_IPHONE_IPAD = NO;
				SWIFT_EMIT_LOC_STRINGS = YES;
				SWIFT_VERSION = 5.0;
				TARGETED_DEVICE_FAMILY = 1;
			};
			name = Debug;
		};
		1221A66229E2D8FA00CB9894 /* Release */ = {
			isa = XCBuildConfiguration;
			baseConfigurationReference = BF6781CCCB19134593CA5745 /* Pods-CocoapodsTest.release.xcconfig */;
			buildSettings = {
				ASSETCATALOG_COMPILER_APPICON_NAME = AppIcon;
				ASSETCATALOG_COMPILER_GLOBAL_ACCENT_COLOR_NAME = AccentColor;
				CODE_SIGN_STYLE = Automatic;
				CURRENT_PROJECT_VERSION = 1;
				GENERATE_INFOPLIST_FILE = YES;
				INFOPLIST_FILE = CocoapodsTest/Info.plist;
				INFOPLIST_KEY_UIApplicationSupportsIndirectInputEvents = YES;
				INFOPLIST_KEY_UILaunchStoryboardName = LaunchScreen;
				INFOPLIST_KEY_UIMainStoryboardFile = Main;
				INFOPLIST_KEY_UISupportedInterfaceOrientations = UIInterfaceOrientationPortrait;
				INFOPLIST_KEY_UISupportedInterfaceOrientations_iPad = "UIInterfaceOrientationLandscapeLeft UIInterfaceOrientationLandscapeRight UIInterfaceOrientationPortrait UIInterfaceOrientationPortraitUpsideDown";
				LD_RUNPATH_SEARCH_PATHS = (
					"$(inherited)",
					"@executable_path/Frameworks",
				);
				MARKETING_VERSION = 1.0;
				PRODUCT_BUNDLE_IDENTIFIER = com.muffafa.CocoapodsTest;
				PRODUCT_NAME = "$(TARGET_NAME)";
				SUPPORTED_PLATFORMS = "iphoneos iphonesimulator";
				SUPPORTS_MACCATALYST = NO;
				SUPPORTS_MAC_DESIGNED_FOR_IPHONE_IPAD = NO;
				SWIFT_EMIT_LOC_STRINGS = YES;
				SWIFT_VERSION = 5.0;
				TARGETED_DEVICE_FAMILY = 1;
			};
			name = Release;
		};
/* End XCBuildConfiguration section */

/* Begin XCConfigurationList section */
		1221A64729E2D8F800CB9894 /* Build configuration list for PBXProject "CocoapodsTest" */ = {
			isa = XCConfigurationList;
			buildConfigurations = (
				1221A65E29E2D8FA00CB9894 /* Debug */,
				1221A65F29E2D8FA00CB9894 /* Release */,
			);
			defaultConfigurationIsVisible = 0;
			defaultConfigurationName = Release;
		};
		1221A66029E2D8FA00CB9894 /* Build configuration list for PBXNativeTarget "CocoapodsTest" */ = {
			isa = XCConfigurationList;
			buildConfigurations = (
				1221A66129E2D8FA00CB9894 /* Debug */,
				1221A66229E2D8FA00CB9894 /* Release */,
			);
			defaultConfigurationIsVisible = 0;
			defaultConfigurationName = Release;
		};
/* End XCConfigurationList section */
	};
	rootObject = 1221A64429E2D8F800CB9894 /* Project object */;
}
